
Microsoft Visual Studio Solution File, Format Version 12.00
# Visual Studio Version 17
VisualStudioVersion = 17.6.33815.320
MinimumVisualStudioVersion = 10.0.40219.1
Project("{FAE04EC0-301F-11D3-BF4B-00C04F79EFBC}") = "WebApplication1", "WebApplication1\WebApplication1.csproj", "{AA64B570-4C8C-4526-8396-9D22665BE9DF}"
EndProject
Global
	GlobalSection(SolutionConfigurationPlatforms) = preSolution
		Debug|Any CPU = Debug|Any CPU
		Release|Any CPU = Release|Any CPU
	EndGlobalSection
	GlobalSection(ProjectConfigurationPlatforms) = postSolution
		{AA64B570-4C8C-4526-8396-9D22665BE9DF}.Debug|Any CPU.ActiveCfg = Debug|Any CPU
		{AA64B570-4C8C-4526-8396-9D22665BE9DF}.Debug|Any CPU.Build.0 = Debug|Any CPU
		{AA64B570-4C8C-4526-8396-9D22665BE9DF}.Release|Any CPU.ActiveCfg = Release|Any CPU
		{AA64B570-4C8C-4526-8396-9D22665BE9DF}.Release|Any CPU.Build.0 = Release|Any CPU
	EndGlobalSection
	GlobalSection(SolutionProperties) = preSolution
		HideSolutionNode = FALSE
	EndGlobalSection
	GlobalSection(ExtensibilityGlobals) = postSolution
		SolutionGuid = {0B0B6C7C-4B8E-43FA-BB4C-E1756DA547A8}
	EndGlobalSection
EndGlobal
